// !$*UTF8*$!
{
	archiveVersion = 1;
	classes = {
	};
	objectVersion = 46;
	objects = {

/* Begin PBXBuildFile section */
		4A246DAA178A9886006AFC04 /* AppDelegateTests.m in Sources */ = {isa = PBXBuildFile; fileRef = 4A246DA9178A9886006AFC04 /* AppDelegateTests.m */; };
		4AC678E71786BF8100B28DA4 /* CurrencyConverterViewControllerTests.m in Sources */ = {isa = PBXBuildFile; fileRef = 4AC678E61786BF8100B28DA4 /* CurrencyConverterViewControllerTests.m */; };
		4AFEBEF71786CC21002DE331 /* CurrencyConverterViewController.m in Sources */ = {isa = PBXBuildFile; fileRef = 4AFEBEF51786CC21002DE331 /* CurrencyConverterViewController.m */; };
		4AFEBEF81786CC21002DE331 /* CurrencyConverterViewController.m in Sources */ = {isa = PBXBuildFile; fileRef = 4AFEBEF51786CC21002DE331 /* CurrencyConverterViewController.m */; };
		4AFEBEF91786CC21002DE331 /* CurrencyConverterViewController.xib in Resources */ = {isa = PBXBuildFile; fileRef = 4AFEBEF61786CC21002DE331 /* CurrencyConverterViewController.xib */; };
		4AFEBEFA1786CC21002DE331 /* CurrencyConverterViewController.xib in Resources */ = {isa = PBXBuildFile; fileRef = 4AFEBEF61786CC21002DE331 /* CurrencyConverterViewController.xib */; };
		5F41FDC31784332500DE6BC1 /* UIKit.framework in Frameworks */ = {isa = PBXBuildFile; fileRef = 5F41FDC21784332500DE6BC1 /* UIKit.framework */; };
		5F41FDC51784332500DE6BC1 /* Foundation.framework in Frameworks */ = {isa = PBXBuildFile; fileRef = 5F41FDC41784332500DE6BC1 /* Foundation.framework */; };
		5F41FDC71784332500DE6BC1 /* CoreGraphics.framework in Frameworks */ = {isa = PBXBuildFile; fileRef = 5F41FDC61784332500DE6BC1 /* CoreGraphics.framework */; };
		5F41FDCD1784332500DE6BC1 /* InfoPlist.strings in Resources */ = {isa = PBXBuildFile; fileRef = 5F41FDCB1784332500DE6BC1 /* InfoPlist.strings */; };
		5F41FDCF1784332500DE6BC1 /* main.m in Sources */ = {isa = PBXBuildFile; fileRef = 5F41FDCE1784332500DE6BC1 /* main.m */; };
		5F41FDD31784332500DE6BC1 /* AppDelegate.m in Sources */ = {isa = PBXBuildFile; fileRef = 5F41FDD21784332500DE6BC1 /* AppDelegate.m */; };
		5F41FDD51784332500DE6BC1 /* Default.png in Resources */ = {isa = PBXBuildFile; fileRef = 5F41FDD41784332500DE6BC1 /* Default.png */; };
		5F41FDD71784332500DE6BC1 /* Default@2x.png in Resources */ = {isa = PBXBuildFile; fileRef = 5F41FDD61784332500DE6BC1 /* Default@2x.png */; };
		5F41FDD91784332500DE6BC1 /* Default-568h@2x.png in Resources */ = {isa = PBXBuildFile; fileRef = 5F41FDD81784332500DE6BC1 /* Default-568h@2x.png */; };
		5F41FDE11784332500DE6BC1 /* SenTestingKit.framework in Frameworks */ = {isa = PBXBuildFile; fileRef = 5F41FDE01784332500DE6BC1 /* SenTestingKit.framework */; };
		5F41FDE21784332500DE6BC1 /* UIKit.framework in Frameworks */ = {isa = PBXBuildFile; fileRef = 5F41FDC21784332500DE6BC1 /* UIKit.framework */; };
		5F41FDE31784332500DE6BC1 /* Foundation.framework in Frameworks */ = {isa = PBXBuildFile; fileRef = 5F41FDC41784332500DE6BC1 /* Foundation.framework */; };
		5F41FDEB1784332500DE6BC1 /* InfoPlist.strings in Resources */ = {isa = PBXBuildFile; fileRef = 5F41FDE91784332500DE6BC1 /* InfoPlist.strings */; };
		5F41FDF91784429900DE6BC1 /* main.m in Sources */ = {isa = PBXBuildFile; fileRef = 5F41FDCE1784332500DE6BC1 /* main.m */; };
		5F41FDFA1784429900DE6BC1 /* AppDelegate.m in Sources */ = {isa = PBXBuildFile; fileRef = 5F41FDD21784332500DE6BC1 /* AppDelegate.m */; };
		5F41FDFC1784429900DE6BC1 /* UIKit.framework in Frameworks */ = {isa = PBXBuildFile; fileRef = 5F41FDC21784332500DE6BC1 /* UIKit.framework */; };
		5F41FDFD1784429900DE6BC1 /* Foundation.framework in Frameworks */ = {isa = PBXBuildFile; fileRef = 5F41FDC41784332500DE6BC1 /* Foundation.framework */; };
		5F41FDFE1784429900DE6BC1 /* CoreGraphics.framework in Frameworks */ = {isa = PBXBuildFile; fileRef = 5F41FDC61784332500DE6BC1 /* CoreGraphics.framework */; };
		5F41FE001784429900DE6BC1 /* InfoPlist.strings in Resources */ = {isa = PBXBuildFile; fileRef = 5F41FDCB1784332500DE6BC1 /* InfoPlist.strings */; };
		5F41FE011784429900DE6BC1 /* Default.png in Resources */ = {isa = PBXBuildFile; fileRef = 5F41FDD41784332500DE6BC1 /* Default.png */; };
		5F41FE021784429900DE6BC1 /* Default@2x.png in Resources */ = {isa = PBXBuildFile; fileRef = 5F41FDD61784332500DE6BC1 /* Default@2x.png */; };
		5F41FE031784429900DE6BC1 /* Default-568h@2x.png in Resources */ = {isa = PBXBuildFile; fileRef = 5F41FDD81784332500DE6BC1 /* Default-568h@2x.png */; };
		5F41FE0A1784433300DE6BC1 /* calabash.framework in Frameworks */ = {isa = PBXBuildFile; fileRef = 5F41FE091784433300DE6BC1 /* calabash.framework */; };
		5F41FE0C1784433E00DE6BC1 /* CFNetwork.framework in Frameworks */ = {isa = PBXBuildFile; fileRef = 5F41FE0B1784433E00DE6BC1 /* CFNetwork.framework */; };
		D9D3097A6DAC4F48AF9F587C /* libPods-CurrencyConverterTDDTests.a in Frameworks */ = {isa = PBXBuildFile; fileRef = 524CFE3C25E7468284426B2D /* libPods-CurrencyConverterTDDTests.a */; };
/* End PBXBuildFile section */

/* Begin PBXContainerItemProxy section */
		5F41FDE41784332500DE6BC1 /* PBXContainerItemProxy */ = {
			isa = PBXContainerItemProxy;
			containerPortal = 5F41FDB71784332500DE6BC1 /* Project object */;
			proxyType = 1;
			remoteGlobalIDString = 5F41FDBE1784332500DE6BC1;
			remoteInfo = CurrencyConverterTDD;
		};
/* End PBXContainerItemProxy section */

/* Begin PBXFileReference section */
		4A246DA9178A9886006AFC04 /* AppDelegateTests.m */ = {isa = PBXFileReference; fileEncoding = 4; lastKnownFileType = sourcecode.c.objc; path = AppDelegateTests.m; sourceTree = "<group>"; };
		4A8276CE1786F91B00FBB512 /* libPods-CurrencyConverterTDDTests-OCHamcrest.a */ = {isa = PBXFileReference; lastKnownFileType = archive.ar; name = "libPods-CurrencyConverterTDDTests-OCHamcrest.a"; path = "Pods/build/Release-iphoneos/libPods-CurrencyConverterTDDTests-OCHamcrest.a"; sourceTree = "<group>"; };
		4A8276CF1786F91B00FBB512 /* libPods-CurrencyConverterTDDTests-OCMockito.a */ = {isa = PBXFileReference; lastKnownFileType = archive.ar; name = "libPods-CurrencyConverterTDDTests-OCMockito.a"; path = "Pods/build/Release-iphoneos/libPods-CurrencyConverterTDDTests-OCMockito.a"; sourceTree = "<group>"; };
		4A8276D71787035300FBB512 /* CurrencyConverterViewController_Outlets.h */ = {isa = PBXFileReference; fileEncoding = 4; lastKnownFileType = sourcecode.c.h; path = CurrencyConverterViewController_Outlets.h; sourceTree = "<group>"; };
		4AC678E61786BF8100B28DA4 /* CurrencyConverterViewControllerTests.m */ = {isa = PBXFileReference; fileEncoding = 4; lastKnownFileType = sourcecode.c.objc; path = CurrencyConverterViewControllerTests.m; sourceTree = "<group>"; };
		4AFEBEF41786CC21002DE331 /* CurrencyConverterViewController.h */ = {isa = PBXFileReference; fileEncoding = 4; lastKnownFileType = sourcecode.c.h; path = CurrencyConverterViewController.h; sourceTree = "<group>"; };
		4AFEBEF51786CC21002DE331 /* CurrencyConverterViewController.m */ = {isa = PBXFileReference; fileEncoding = 4; lastKnownFileType = sourcecode.c.objc; path = CurrencyConverterViewController.m; sourceTree = "<group>"; };
		4AFEBEF61786CC21002DE331 /* CurrencyConverterViewController.xib */ = {isa = PBXFileReference; fileEncoding = 4; lastKnownFileType = file.xib; path = CurrencyConverterViewController.xib; sourceTree = "<group>"; };
		524CFE3C25E7468284426B2D /* libPods-CurrencyConverterTDDTests.a */ = {isa = PBXFileReference; explicitFileType = archive.ar; includeInIndex = 0; path = "libPods-CurrencyConverterTDDTests.a"; sourceTree = BUILT_PRODUCTS_DIR; };
		5F41FDBF1784332500DE6BC1 /* CurrencyConverterTDD.app */ = {isa = PBXFileReference; explicitFileType = wrapper.application; includeInIndex = 0; path = CurrencyConverterTDD.app; sourceTree = BUILT_PRODUCTS_DIR; };
		5F41FDC21784332500DE6BC1 /* UIKit.framework */ = {isa = PBXFileReference; lastKnownFileType = wrapper.framework; name = UIKit.framework; path = System/Library/Frameworks/UIKit.framework; sourceTree = SDKROOT; };
		5F41FDC41784332500DE6BC1 /* Foundation.framework */ = {isa = PBXFileReference; lastKnownFileType = wrapper.framework; name = Foundation.framework; path = System/Library/Frameworks/Foundation.framework; sourceTree = SDKROOT; };
		5F41FDC61784332500DE6BC1 /* CoreGraphics.framework */ = {isa = PBXFileReference; lastKnownFileType = wrapper.framework; name = CoreGraphics.framework; path = System/Library/Frameworks/CoreGraphics.framework; sourceTree = SDKROOT; };
		5F41FDCA1784332500DE6BC1 /* CurrencyConverterTDD-Info.plist */ = {isa = PBXFileReference; lastKnownFileType = text.plist.xml; path = "CurrencyConverterTDD-Info.plist"; sourceTree = "<group>"; };
		5F41FDCC1784332500DE6BC1 /* en */ = {isa = PBXFileReference; lastKnownFileType = text.plist.strings; name = en; path = en.lproj/InfoPlist.strings; sourceTree = "<group>"; };
		5F41FDCE1784332500DE6BC1 /* main.m */ = {isa = PBXFileReference; lastKnownFileType = sourcecode.c.objc; path = main.m; sourceTree = "<group>"; };
		5F41FDD01784332500DE6BC1 /* CurrencyConverterTDD-Prefix.pch */ = {isa = PBXFileReference; lastKnownFileType = sourcecode.c.h; path = "CurrencyConverterTDD-Prefix.pch"; sourceTree = "<group>"; };
		5F41FDD11784332500DE6BC1 /* AppDelegate.h */ = {isa = PBXFileReference; lastKnownFileType = sourcecode.c.h; path = AppDelegate.h; sourceTree = "<group>"; };
		5F41FDD21784332500DE6BC1 /* AppDelegate.m */ = {isa = PBXFileReference; lastKnownFileType = sourcecode.c.objc; path = AppDelegate.m; sourceTree = "<group>"; };
		5F41FDD41784332500DE6BC1 /* Default.png */ = {isa = PBXFileReference; lastKnownFileType = image.png; path = Default.png; sourceTree = "<group>"; };
		5F41FDD61784332500DE6BC1 /* Default@2x.png */ = {isa = PBXFileReference; lastKnownFileType = image.png; path = "Default@2x.png"; sourceTree = "<group>"; };
		5F41FDD81784332500DE6BC1 /* Default-568h@2x.png */ = {isa = PBXFileReference; lastKnownFileType = image.png; path = "Default-568h@2x.png"; sourceTree = "<group>"; };
		5F41FDDF1784332500DE6BC1 /* CurrencyConverterTDDTests.octest */ = {isa = PBXFileReference; explicitFileType = wrapper.cfbundle; includeInIndex = 0; path = CurrencyConverterTDDTests.octest; sourceTree = BUILT_PRODUCTS_DIR; };
		5F41FDE01784332500DE6BC1 /* SenTestingKit.framework */ = {isa = PBXFileReference; lastKnownFileType = wrapper.framework; name = SenTestingKit.framework; path = Library/Frameworks/SenTestingKit.framework; sourceTree = DEVELOPER_DIR; };
		5F41FDE81784332500DE6BC1 /* CurrencyConverterTDDTests-Info.plist */ = {isa = PBXFileReference; lastKnownFileType = text.plist.xml; path = "CurrencyConverterTDDTests-Info.plist"; sourceTree = "<group>"; };
		5F41FDEA1784332500DE6BC1 /* en */ = {isa = PBXFileReference; lastKnownFileType = text.plist.strings; name = en; path = en.lproj/InfoPlist.strings; sourceTree = "<group>"; };
		5F41FE071784429900DE6BC1 /* CurrencyConverterTDD copy.app */ = {isa = PBXFileReference; explicitFileType = wrapper.application; includeInIndex = 0; path = "CurrencyConverterTDD copy.app"; sourceTree = BUILT_PRODUCTS_DIR; };
		5F41FE081784429900DE6BC1 /* CurrencyConverterTDD copy-Info.plist */ = {isa = PBXFileReference; lastKnownFileType = text.plist.xml; name = "CurrencyConverterTDD copy-Info.plist"; path = "/Users/marcindlugajczyk/Documents/Work/CurrencyConverterTDD/CurrencyConverterTDD copy-Info.plist"; sourceTree = "<absolute>"; };
		5F41FE091784433300DE6BC1 /* calabash.framework */ = {isa = PBXFileReference; lastKnownFileType = wrapper.framework; path = calabash.framework; sourceTree = "<group>"; };
		5F41FE0B1784433E00DE6BC1 /* CFNetwork.framework */ = {isa = PBXFileReference; lastKnownFileType = wrapper.framework; name = CFNetwork.framework; path = System/Library/Frameworks/CFNetwork.framework; sourceTree = SDKROOT; };
		E53A87D31EB6441DAC14469D /* Pods-CurrencyConverterTDDTests.xcconfig */ = {isa = PBXFileReference; includeInIndex = 1; lastKnownFileType = text.xcconfig; name = "Pods-CurrencyConverterTDDTests.xcconfig"; path = "Pods/Pods-CurrencyConverterTDDTests.xcconfig"; sourceTree = SOURCE_ROOT; };
/* End PBXFileReference section */

/* Begin PBXFrameworksBuildPhase section */
		5F41FDBC1784332500DE6BC1 /* Frameworks */ = {
			isa = PBXFrameworksBuildPhase;
			buildActionMask = 2147483647;
			files = (
				5F41FDC31784332500DE6BC1 /* UIKit.framework in Frameworks */,
				5F41FDC51784332500DE6BC1 /* Foundation.framework in Frameworks */,
				5F41FDC71784332500DE6BC1 /* CoreGraphics.framework in Frameworks */,
			);
			runOnlyForDeploymentPostprocessing = 0;
		};
		5F41FDDB1784332500DE6BC1 /* Frameworks */ = {
			isa = PBXFrameworksBuildPhase;
			buildActionMask = 2147483647;
			files = (
				5F41FDE11784332500DE6BC1 /* SenTestingKit.framework in Frameworks */,
				5F41FDE21784332500DE6BC1 /* UIKit.framework in Frameworks */,
				5F41FDE31784332500DE6BC1 /* Foundation.framework in Frameworks */,
				D9D3097A6DAC4F48AF9F587C /* libPods-CurrencyConverterTDDTests.a in Frameworks */,
			);
			runOnlyForDeploymentPostprocessing = 0;
		};
		5F41FDFB1784429900DE6BC1 /* Frameworks */ = {
			isa = PBXFrameworksBuildPhase;
			buildActionMask = 2147483647;
			files = (
				5F41FE0C1784433E00DE6BC1 /* CFNetwork.framework in Frameworks */,
				5F41FDFC1784429900DE6BC1 /* UIKit.framework in Frameworks */,
				5F41FDFD1784429900DE6BC1 /* Foundation.framework in Frameworks */,
				5F41FDFE1784429900DE6BC1 /* CoreGraphics.framework in Frameworks */,
				5F41FE0A1784433300DE6BC1 /* calabash.framework in Frameworks */,
			);
			runOnlyForDeploymentPostprocessing = 0;
		};
/* End PBXFrameworksBuildPhase section */

/* Begin PBXGroup section */
		4AFEBEF21786CBA8002DE331 /* Controllers */ = {
			isa = PBXGroup;
			children = (
				4AFEBEF31786CBAE002DE331 /* Currency Converter */,
			);
			name = Controllers;
			sourceTree = "<group>";
		};
		4AFEBEF31786CBAE002DE331 /* Currency Converter */ = {
			isa = PBXGroup;
			children = (
				4AFEBEF41786CC21002DE331 /* CurrencyConverterViewController.h */,
				4AFEBEF51786CC21002DE331 /* CurrencyConverterViewController.m */,
				4AFEBEF61786CC21002DE331 /* CurrencyConverterViewController.xib */,
				4A8276D71787035300FBB512 /* CurrencyConverterViewController_Outlets.h */,
			);
			name = "Currency Converter";
			sourceTree = "<group>";
		};
		5F41FDB61784332500DE6BC1 = {
			isa = PBXGroup;
			children = (
				4A8276CE1786F91B00FBB512 /* libPods-CurrencyConverterTDDTests-OCHamcrest.a */,
				4A8276CF1786F91B00FBB512 /* libPods-CurrencyConverterTDDTests-OCMockito.a */,
				5F41FE0B1784433E00DE6BC1 /* CFNetwork.framework */,
				5F41FDC81784332500DE6BC1 /* CurrencyConverterTDD */,
				5F41FDE61784332500DE6BC1 /* CurrencyConverterTDDTests */,
				5F41FDC11784332500DE6BC1 /* Frameworks */,
				5F41FDC01784332500DE6BC1 /* Products */,
				E53A87D31EB6441DAC14469D /* Pods-CurrencyConverterTDDTests.xcconfig */,
				5F41FE081784429900DE6BC1 /* CurrencyConverterTDD copy-Info.plist */,
			);
			sourceTree = "<group>";
		};
		5F41FDC01784332500DE6BC1 /* Products */ = {
			isa = PBXGroup;
			children = (
				5F41FDBF1784332500DE6BC1 /* CurrencyConverterTDD.app */,
				5F41FDDF1784332500DE6BC1 /* CurrencyConverterTDDTests.octest */,
				5F41FE071784429900DE6BC1 /* CurrencyConverterTDD copy.app */,
			);
			name = Products;
			sourceTree = "<group>";
		};
		5F41FDC11784332500DE6BC1 /* Frameworks */ = {
			isa = PBXGroup;
			children = (
				5F41FE091784433300DE6BC1 /* calabash.framework */,
				5F41FDC21784332500DE6BC1 /* UIKit.framework */,
				5F41FDC41784332500DE6BC1 /* Foundation.framework */,
				5F41FDC61784332500DE6BC1 /* CoreGraphics.framework */,
				5F41FDE01784332500DE6BC1 /* SenTestingKit.framework */,
				524CFE3C25E7468284426B2D /* libPods-CurrencyConverterTDDTests.a */,
			);
			name = Frameworks;
			sourceTree = "<group>";
		};
		5F41FDC81784332500DE6BC1 /* CurrencyConverterTDD */ = {
			isa = PBXGroup;
			children = (
				4AFEBEF21786CBA8002DE331 /* Controllers */,
				5F41FDD11784332500DE6BC1 /* AppDelegate.h */,
				5F41FDD21784332500DE6BC1 /* AppDelegate.m */,
				5F41FDC91784332500DE6BC1 /* Supporting Files */,
			);
			path = CurrencyConverterTDD;
			sourceTree = "<group>";
		};
		5F41FDC91784332500DE6BC1 /* Supporting Files */ = {
			isa = PBXGroup;
			children = (
				5F41FDCA1784332500DE6BC1 /* CurrencyConverterTDD-Info.plist */,
				5F41FDCB1784332500DE6BC1 /* InfoPlist.strings */,
				5F41FDCE1784332500DE6BC1 /* main.m */,
				5F41FDD01784332500DE6BC1 /* CurrencyConverterTDD-Prefix.pch */,
				5F41FDD41784332500DE6BC1 /* Default.png */,
				5F41FDD61784332500DE6BC1 /* Default@2x.png */,
				5F41FDD81784332500DE6BC1 /* Default-568h@2x.png */,
			);
			name = "Supporting Files";
			sourceTree = "<group>";
		};
		5F41FDE61784332500DE6BC1 /* CurrencyConverterTDDTests */ = {
			isa = PBXGroup;
			children = (
				4AC678E61786BF8100B28DA4 /* CurrencyConverterViewControllerTests.m */,
				5F41FDE71784332500DE6BC1 /* Supporting Files */,
				4A246DA9178A9886006AFC04 /* AppDelegateTests.m */,
			);
			path = CurrencyConverterTDDTests;
			sourceTree = "<group>";
		};
		5F41FDE71784332500DE6BC1 /* Supporting Files */ = {
			isa = PBXGroup;
			children = (
				5F41FDE81784332500DE6BC1 /* CurrencyConverterTDDTests-Info.plist */,
				5F41FDE91784332500DE6BC1 /* InfoPlist.strings */,
			);
			name = "Supporting Files";
			sourceTree = "<group>";
		};
/* End PBXGroup section */

/* Begin PBXNativeTarget section */
		5F41FDBE1784332500DE6BC1 /* CurrencyConverterTDD */ = {
			isa = PBXNativeTarget;
			buildConfigurationList = 5F41FDF11784332500DE6BC1 /* Build configuration list for PBXNativeTarget "CurrencyConverterTDD" */;
			buildPhases = (
				5F41FDBB1784332500DE6BC1 /* Sources */,
				5F41FDBC1784332500DE6BC1 /* Frameworks */,
				5F41FDBD1784332500DE6BC1 /* Resources */,
			);
			buildRules = (
			);
			dependencies = (
			);
			name = CurrencyConverterTDD;
			productName = CurrencyConverterTDD;
			productReference = 5F41FDBF1784332500DE6BC1 /* CurrencyConverterTDD.app */;
			productType = "com.apple.product-type.application";
		};
		5F41FDDE1784332500DE6BC1 /* CurrencyConverterTDDTests */ = {
			isa = PBXNativeTarget;
			buildConfigurationList = 5F41FDF41784332500DE6BC1 /* Build configuration list for PBXNativeTarget "CurrencyConverterTDDTests" */;
			buildPhases = (
				EF740F84E7954D8F901F0EE0 /* Check Pods Manifest.lock */,
				5F41FDDA1784332500DE6BC1 /* Sources */,
				5F41FDDB1784332500DE6BC1 /* Frameworks */,
				5F41FDDC1784332500DE6BC1 /* Resources */,
				5F41FDDD1784332500DE6BC1 /* ShellScript */,
				3BF0F288D9004FCE900D87C7 /* Copy Pods Resources */,
			);
			buildRules = (
			);
			dependencies = (
				5F41FDE51784332500DE6BC1 /* PBXTargetDependency */,
			);
			name = CurrencyConverterTDDTests;
			productName = CurrencyConverterTDDTests;
			productReference = 5F41FDDF1784332500DE6BC1 /* CurrencyConverterTDDTests.octest */;
			productType = "com.apple.product-type.bundle";
		};
		5F41FDF71784429900DE6BC1 /* CurrencyConverterTDD-cal */ = {
			isa = PBXNativeTarget;
			buildConfigurationList = 5F41FE041784429900DE6BC1 /* Build configuration list for PBXNativeTarget "CurrencyConverterTDD-cal" */;
			buildPhases = (
				5F41FDF81784429900DE6BC1 /* Sources */,
				5F41FDFB1784429900DE6BC1 /* Frameworks */,
				5F41FDFF1784429900DE6BC1 /* Resources */,
			);
			buildRules = (
			);
			dependencies = (
			);
			name = "CurrencyConverterTDD-cal";
			productName = CurrencyConverterTDD;
			productReference = 5F41FE071784429900DE6BC1 /* CurrencyConverterTDD copy.app */;
			productType = "com.apple.product-type.application";
		};
/* End PBXNativeTarget section */

/* Begin PBXProject section */
		5F41FDB71784332500DE6BC1 /* Project object */ = {
			isa = PBXProject;
			attributes = {
				LastUpgradeCheck = 0460;
				ORGANIZATIONNAME = "Marcin Długajczyk";
			};
			buildConfigurationList = 5F41FDBA1784332500DE6BC1 /* Build configuration list for PBXProject "CurrencyConverterTDD" */;
			compatibilityVersion = "Xcode 3.2";
			developmentRegion = English;
			hasScannedForEncodings = 0;
			knownRegions = (
				en,
			);
			mainGroup = 5F41FDB61784332500DE6BC1;
			productRefGroup = 5F41FDC01784332500DE6BC1 /* Products */;
			projectDirPath = "";
			projectRoot = "";
			targets = (
				5F41FDBE1784332500DE6BC1 /* CurrencyConverterTDD */,
				5F41FDDE1784332500DE6BC1 /* CurrencyConverterTDDTests */,
				5F41FDF71784429900DE6BC1 /* CurrencyConverterTDD-cal */,
			);
		};
/* End PBXProject section */

/* Begin PBXResourcesBuildPhase section */
		5F41FDBD1784332500DE6BC1 /* Resources */ = {
			isa = PBXResourcesBuildPhase;
			buildActionMask = 2147483647;
			files = (
				5F41FDCD1784332500DE6BC1 /* InfoPlist.strings in Resources */,
				5F41FDD51784332500DE6BC1 /* Default.png in Resources */,
				5F41FDD71784332500DE6BC1 /* Default@2x.png in Resources */,
				5F41FDD91784332500DE6BC1 /* Default-568h@2x.png in Resources */,
				4AFEBEF91786CC21002DE331 /* CurrencyConverterViewController.xib in Resources */,
			);
			runOnlyForDeploymentPostprocessing = 0;
		};
		5F41FDDC1784332500DE6BC1 /* Resources */ = {
			isa = PBXResourcesBuildPhase;
			buildActionMask = 2147483647;
			files = (
				5F41FDEB1784332500DE6BC1 /* InfoPlist.strings in Resources */,
			);
			runOnlyForDeploymentPostprocessing = 0;
		};
		5F41FDFF1784429900DE6BC1 /* Resources */ = {
			isa = PBXResourcesBuildPhase;
			buildActionMask = 2147483647;
			files = (
				5F41FE001784429900DE6BC1 /* InfoPlist.strings in Resources */,
				5F41FE011784429900DE6BC1 /* Default.png in Resources */,
				5F41FE021784429900DE6BC1 /* Default@2x.png in Resources */,
				5F41FE031784429900DE6BC1 /* Default-568h@2x.png in Resources */,
				4AFEBEFA1786CC21002DE331 /* CurrencyConverterViewController.xib in Resources */,
			);
			runOnlyForDeploymentPostprocessing = 0;
		};
/* End PBXResourcesBuildPhase section */

/* Begin PBXShellScriptBuildPhase section */
		3BF0F288D9004FCE900D87C7 /* Copy Pods Resources */ = {
			isa = PBXShellScriptBuildPhase;
			buildActionMask = 2147483647;
			files = (
			);
			inputPaths = (
			);
			name = "Copy Pods Resources";
			outputPaths = (
			);
			runOnlyForDeploymentPostprocessing = 0;
			shellPath = /bin/sh;
			shellScript = "\"${SRCROOT}/Pods/Pods-CurrencyConverterTDDTests-resources.sh\"\n";
		};
		5F41FDDD1784332500DE6BC1 /* ShellScript */ = {
			isa = PBXShellScriptBuildPhase;
			buildActionMask = 2147483647;
			files = (
			);
			inputPaths = (
			);
			outputPaths = (
			);
			runOnlyForDeploymentPostprocessing = 0;
			shellPath = /bin/sh;
			shellScript = "# Run the unit tests in this test bundle.\n\"${SYSTEM_DEVELOPER_DIR}/Tools/RunUnitTests\"\n";
		};
		EF740F84E7954D8F901F0EE0 /* Check Pods Manifest.lock */ = {
			isa = PBXShellScriptBuildPhase;
			buildActionMask = 2147483647;
			files = (
			);
			inputPaths = (
			);
			name = "Check Pods Manifest.lock";
			outputPaths = (
			);
			runOnlyForDeploymentPostprocessing = 0;
			shellPath = /bin/sh;
			shellScript = "diff \"${PODS_ROOT}/../Podfile.lock\" \"${PODS_ROOT}/Manifest.lock\" > /dev/null\nif [[ $? != 0 ]] ; then\n    cat << EOM\nerror: The sandbox is not in sync with the Podfile.lock. Run 'pod install' or update your CocoaPods installation.\nEOM\n    exit 1\nfi\n";
		};
/* End PBXShellScriptBuildPhase section */

/* Begin PBXSourcesBuildPhase section */
		5F41FDBB1784332500DE6BC1 /* Sources */ = {
			isa = PBXSourcesBuildPhase;
			buildActionMask = 2147483647;
			files = (
				5F41FDCF1784332500DE6BC1 /* main.m in Sources */,
				5F41FDD31784332500DE6BC1 /* AppDelegate.m in Sources */,
				4AFEBEF71786CC21002DE331 /* CurrencyConverterViewController.m in Sources */,
			);
			runOnlyForDeploymentPostprocessing = 0;
		};
		5F41FDDA1784332500DE6BC1 /* Sources */ = {
			isa = PBXSourcesBuildPhase;
			buildActionMask = 2147483647;
			files = (
				4AC678E71786BF8100B28DA4 /* CurrencyConverterViewControllerTests.m in Sources */,
				4A246DAA178A9886006AFC04 /* AppDelegateTests.m in Sources */,
			);
			runOnlyForDeploymentPostprocessing = 0;
		};
		5F41FDF81784429900DE6BC1 /* Sources */ = {
			isa = PBXSourcesBuildPhase;
			buildActionMask = 2147483647;
			files = (
				5F41FDF91784429900DE6BC1 /* main.m in Sources */,
				5F41FDFA1784429900DE6BC1 /* AppDelegate.m in Sources */,
				4AFEBEF81786CC21002DE331 /* CurrencyConverterViewController.m in Sources */,
			);
			runOnlyForDeploymentPostprocessing = 0;
		};
/* End PBXSourcesBuildPhase section */

/* Begin PBXTargetDependency section */
		5F41FDE51784332500DE6BC1 /* PBXTargetDependency */ = {
			isa = PBXTargetDependency;
			target = 5F41FDBE1784332500DE6BC1 /* CurrencyConverterTDD */;
			targetProxy = 5F41FDE41784332500DE6BC1 /* PBXContainerItemProxy */;
		};
/* End PBXTargetDependency section */

/* Begin PBXVariantGroup section */
		5F41FDCB1784332500DE6BC1 /* InfoPlist.strings */ = {
			isa = PBXVariantGroup;
			children = (
				5F41FDCC1784332500DE6BC1 /* en */,
			);
			name = InfoPlist.strings;
			sourceTree = "<group>";
		};
		5F41FDE91784332500DE6BC1 /* InfoPlist.strings */ = {
			isa = PBXVariantGroup;
			children = (
				5F41FDEA1784332500DE6BC1 /* en */,
			);
			name = InfoPlist.strings;
			sourceTree = "<group>";
		};
/* End PBXVariantGroup section */

/* Begin XCBuildConfiguration section */
		5F41FDEF1784332500DE6BC1 /* Debug */ = {
			isa = XCBuildConfiguration;
			buildSettings = {
				ALWAYS_SEARCH_USER_PATHS = NO;
				CLANG_CXX_LANGUAGE_STANDARD = "gnu++0x";
				CLANG_CXX_LIBRARY = "libc++";
				CLANG_ENABLE_OBJC_ARC = YES;
				CLANG_WARN_CONSTANT_CONVERSION = YES;
				CLANG_WARN_EMPTY_BODY = YES;
				CLANG_WARN_ENUM_CONVERSION = YES;
				CLANG_WARN_INT_CONVERSION = YES;
				CLANG_WARN__DUPLICATE_METHOD_MATCH = YES;
				"CODE_SIGN_IDENTITY[sdk=iphoneos*]" = "iPhone Developer";
				COPY_PHASE_STRIP = NO;
				GCC_C_LANGUAGE_STANDARD = gnu99;
				GCC_DYNAMIC_NO_PIC = NO;
				GCC_OPTIMIZATION_LEVEL = 0;
				GCC_PREPROCESSOR_DEFINITIONS = (
					"DEBUG=1",
					"$(inherited)",
				);
				GCC_SYMBOLS_PRIVATE_EXTERN = NO;
				GCC_WARN_ABOUT_RETURN_TYPE = YES;
				GCC_WARN_UNINITIALIZED_AUTOS = YES;
				GCC_WARN_UNUSED_VARIABLE = YES;
				IPHONEOS_DEPLOYMENT_TARGET = 6.1;
				ONLY_ACTIVE_ARCH = YES;
				SDKROOT = iphoneos;
			};
			name = Debug;
		};
		5F41FDF01784332500DE6BC1 /* Release */ = {
			isa = XCBuildConfiguration;
			buildSettings = {
				ALWAYS_SEARCH_USER_PATHS = NO;
				CLANG_CXX_LANGUAGE_STANDARD = "gnu++0x";
				CLANG_CXX_LIBRARY = "libc++";
				CLANG_ENABLE_OBJC_ARC = YES;
				CLANG_WARN_CONSTANT_CONVERSION = YES;
				CLANG_WARN_EMPTY_BODY = YES;
				CLANG_WARN_ENUM_CONVERSION = YES;
				CLANG_WARN_INT_CONVERSION = YES;
				CLANG_WARN__DUPLICATE_METHOD_MATCH = YES;
				"CODE_SIGN_IDENTITY[sdk=iphoneos*]" = "iPhone Developer";
				COPY_PHASE_STRIP = YES;
				GCC_C_LANGUAGE_STANDARD = gnu99;
				GCC_WARN_ABOUT_RETURN_TYPE = YES;
				GCC_WARN_UNINITIALIZED_AUTOS = YES;
				GCC_WARN_UNUSED_VARIABLE = YES;
				IPHONEOS_DEPLOYMENT_TARGET = 6.1;
				OTHER_CFLAGS = "-DNS_BLOCK_ASSERTIONS=1";
				SDKROOT = iphoneos;
				VALIDATE_PRODUCT = YES;
			};
			name = Release;
		};
		5F41FDF21784332500DE6BC1 /* Debug */ = {
			isa = XCBuildConfiguration;
			buildSettings = {
				GCC_PRECOMPILE_PREFIX_HEADER = YES;
				GCC_PREFIX_HEADER = "CurrencyConverterTDD/CurrencyConverterTDD-Prefix.pch";
				INFOPLIST_FILE = "CurrencyConverterTDD/CurrencyConverterTDD-Info.plist";
				PRODUCT_NAME = "$(TARGET_NAME)";
				WRAPPER_EXTENSION = app;
			};
			name = Debug;
		};
		5F41FDF31784332500DE6BC1 /* Release */ = {
			isa = XCBuildConfiguration;
			buildSettings = {
				GCC_PRECOMPILE_PREFIX_HEADER = YES;
				GCC_PREFIX_HEADER = "CurrencyConverterTDD/CurrencyConverterTDD-Prefix.pch";
				INFOPLIST_FILE = "CurrencyConverterTDD/CurrencyConverterTDD-Info.plist";
				PRODUCT_NAME = "$(TARGET_NAME)";
				WRAPPER_EXTENSION = app;
			};
			name = Release;
		};
		5F41FDF51784332500DE6BC1 /* Debug */ = {
			isa = XCBuildConfiguration;
			baseConfigurationReference = E53A87D31EB6441DAC14469D /* Pods-CurrencyConverterTDDTests.xcconfig */;
			buildSettings = {
				BUNDLE_LOADER = "$(BUILT_PRODUCTS_DIR)/CurrencyConverterTDD.app/CurrencyConverterTDD";
				FRAMEWORK_SEARCH_PATHS = (
					"\"$(SDKROOT)/Developer/Library/Frameworks\"",
					"\"$(DEVELOPER_LIBRARY_DIR)/Frameworks\"",
				);
				GCC_PRECOMPILE_PREFIX_HEADER = YES;
				GCC_PREFIX_HEADER = "CurrencyConverterTDD/CurrencyConverterTDD-Prefix.pch";
				INFOPLIST_FILE = "CurrencyConverterTDDTests/CurrencyConverterTDDTests-Info.plist";
				PRODUCT_NAME = "$(TARGET_NAME)";
				TEST_HOST = "$(BUNDLE_LOADER)";
				WRAPPER_EXTENSION = octest;
			};
			name = Debug;
		};
		5F41FDF61784332500DE6BC1 /* Release */ = {
			isa = XCBuildConfiguration;
			baseConfigurationReference = E53A87D31EB6441DAC14469D /* Pods-CurrencyConverterTDDTests.xcconfig */;
			buildSettings = {
				BUNDLE_LOADER = "$(BUILT_PRODUCTS_DIR)/CurrencyConverterTDD.app/CurrencyConverterTDD";
				FRAMEWORK_SEARCH_PATHS = (
					"\"$(SDKROOT)/Developer/Library/Frameworks\"",
					"\"$(DEVELOPER_LIBRARY_DIR)/Frameworks\"",
				);
				GCC_PRECOMPILE_PREFIX_HEADER = YES;
				GCC_PREFIX_HEADER = "CurrencyConverterTDD/CurrencyConverterTDD-Prefix.pch";
				INFOPLIST_FILE = "CurrencyConverterTDDTests/CurrencyConverterTDDTests-Info.plist";
				PRODUCT_NAME = "$(TARGET_NAME)";
				TEST_HOST = "$(BUNDLE_LOADER)";
				WRAPPER_EXTENSION = octest;
			};
			name = Release;
		};
		5F41FE051784429900DE6BC1 /* Debug */ = {
			isa = XCBuildConfiguration;
			buildSettings = {
				FRAMEWORK_SEARCH_PATHS = (
					"$(inherited)",
					"\"$(SRCROOT)\"",
				);
				GCC_PRECOMPILE_PREFIX_HEADER = YES;
				GCC_PREFIX_HEADER = "CurrencyConverterTDD/CurrencyConverterTDD-Prefix.pch";
				INFOPLIST_FILE = "CurrencyConverterTDD copy-Info.plist";
				OTHER_LDFLAGS = (
					"-force_load",
					"\"$(SRCROOT)/calabash.framework/calabash\"",
					"-lstdc++",
				);
				PRODUCT_NAME = "CurrencyConverterTDD copy";
				WRAPPER_EXTENSION = app;
			};
			name = Debug;
		};
		5F41FE061784429900DE6BC1 /* Release */ = {
			isa = XCBuildConfiguration;
			buildSettings = {
				FRAMEWORK_SEARCH_PATHS = (
					"$(inherited)",
					"\"$(SRCROOT)\"",
				);
				GCC_PRECOMPILE_PREFIX_HEADER = YES;
				GCC_PREFIX_HEADER = "CurrencyConverterTDD/CurrencyConverterTDD-Prefix.pch";
				INFOPLIST_FILE = "CurrencyConverterTDD copy-Info.plist";
				OTHER_LDFLAGS = (
					"-force_load",
					"\"$(SRCROOT)/calabash.framework/calabash\"",
					"-lstdc++",
				);
				PRODUCT_NAME = "CurrencyConverterTDD copy";
				WRAPPER_EXTENSION = app;
			};
			name = Release;
		};
/* End XCBuildConfiguration section */

/* Begin XCConfigurationList section */
		5F41FDBA1784332500DE6BC1 /* Build configuration list for PBXProject "CurrencyConverterTDD" */ = {
			isa = XCConfigurationList;
			buildConfigurations = (
				5F41FDEF1784332500DE6BC1 /* Debug */,
				5F41FDF01784332500DE6BC1 /* Release */,
			);
			defaultConfigurationIsVisible = 0;
			defaultConfigurationName = Release;
		};
		5F41FDF11784332500DE6BC1 /* Build configuration list for PBXNativeTarget "CurrencyConverterTDD" */ = {
			isa = XCConfigurationList;
			buildConfigurations = (
				5F41FDF21784332500DE6BC1 /* Debug */,
				5F41FDF31784332500DE6BC1 /* Release */,
			);
			defaultConfigurationIsVisible = 0;
			defaultConfigurationName = Release;
		};
		5F41FDF41784332500DE6BC1 /* Build configuration list for PBXNativeTarget "CurrencyConverterTDDTests" */ = {
			isa = XCConfigurationList;
			buildConfigurations = (
				5F41FDF51784332500DE6BC1 /* Debug */,
				5F41FDF61784332500DE6BC1 /* Release */,
			);
			defaultConfigurationIsVisible = 0;
			defaultConfigurationName = Release;
		};
		5F41FE041784429900DE6BC1 /* Build configuration list for PBXNativeTarget "CurrencyConverterTDD-cal" */ = {
			isa = XCConfigurationList;
			buildConfigurations = (
				5F41FE051784429900DE6BC1 /* Debug */,
				5F41FE061784429900DE6BC1 /* Release */,
			);
			defaultConfigurationIsVisible = 0;
			defaultConfigurationName = Release;
		};
/* End XCConfigurationList section */
	};
	rootObject = 5F41FDB71784332500DE6BC1 /* Project object */;
}
